// !$*UTF8*$!
{
	archiveVersion = 1;
	classes = {
	};
	objectVersion = 46;
	objects = {

/* Begin PBXBuildFile section */
		8A004F011E57242A00476E26 /* AlertService.swift in Sources */ = {isa = PBXBuildFile; fileRef = 8A004F001E57242A00476E26 /* AlertService.swift */; };
		8AA152CD1E52380200D63156 /* PushService.swift in Sources */ = {isa = PBXBuildFile; fileRef = 8AA152CC1E52380200D63156 /* PushService.swift */; };
		8AA152D11E52E54F00D63156 /* PushView.xib in Resources */ = {isa = PBXBuildFile; fileRef = 8AA152D01E52E54F00D63156 /* PushView.xib */; };
		8AA152D31E52E79900D63156 /* PushView.swift in Sources */ = {isa = PBXBuildFile; fileRef = 8AA152D21E52E79900D63156 /* PushView.swift */; };
		8AA5F1231E532619007D8CD5 /* TestViewController.swift in Sources */ = {isa = PBXBuildFile; fileRef = 8AA5F1221E532619007D8CD5 /* TestViewController.swift */; };
		8AA5F1251E5327A3007D8CD5 /* Test2ViewController.swift in Sources */ = {isa = PBXBuildFile; fileRef = 8AA5F1241E5327A3007D8CD5 /* Test2ViewController.swift */; };
		8AA5F1281E533DBB007D8CD5 /* AlertView.xib in Resources */ = {isa = PBXBuildFile; fileRef = 8AA5F1271E533DBB007D8CD5 /* AlertView.xib */; };
		8AA5F12A1E534316007D8CD5 /* AlertView.swift in Sources */ = {isa = PBXBuildFile; fileRef = 8AA5F1291E534316007D8CD5 /* AlertView.swift */; };
		8AA940F11E4F8439004A2C6D /* String + FastAdditions.swift in Sources */ = {isa = PBXBuildFile; fileRef = 8AA940F01E4F8439004A2C6D /* String + FastAdditions.swift */; };
		8AA940F31E4F8FB2004A2C6D /* FastLabel.swift in Sources */ = {isa = PBXBuildFile; fileRef = 8AA940F21E4F8FB2004A2C6D /* FastLabel.swift */; };
		8AA940FD1E4F9E3B004A2C6D /* OnboardingSceneConfigurator.swift in Sources */ = {isa = PBXBuildFile; fileRef = 8AA940F61E4F9E3B004A2C6D /* OnboardingSceneConfigurator.swift */; };
		8AA940FE1E4F9E3B004A2C6D /* OnboardingSceneInteractor.swift in Sources */ = {isa = PBXBuildFile; fileRef = 8AA940F71E4F9E3B004A2C6D /* OnboardingSceneInteractor.swift */; };
		8AA940FF1E4F9E3B004A2C6D /* OnboardingSceneModels.swift in Sources */ = {isa = PBXBuildFile; fileRef = 8AA940F81E4F9E3B004A2C6D /* OnboardingSceneModels.swift */; };
		8AA941001E4F9E3B004A2C6D /* OnboardingScenePresenter.swift in Sources */ = {isa = PBXBuildFile; fileRef = 8AA940F91E4F9E3B004A2C6D /* OnboardingScenePresenter.swift */; };
		8AA941011E4F9E3B004A2C6D /* OnboardingSceneRouter.swift in Sources */ = {isa = PBXBuildFile; fileRef = 8AA940FA1E4F9E3B004A2C6D /* OnboardingSceneRouter.swift */; };
		8AA941021E4F9E3B004A2C6D /* OnboardingSceneViewController.swift in Sources */ = {isa = PBXBuildFile; fileRef = 8AA940FB1E4F9E3B004A2C6D /* OnboardingSceneViewController.swift */; };
		8AA941031E4F9E3B004A2C6D /* OnboardingSceneWorker.swift in Sources */ = {isa = PBXBuildFile; fileRef = 8AA940FC1E4F9E3B004A2C6D /* OnboardingSceneWorker.swift */; };
		8AA941081E4F9FD5004A2C6D /* OnboardingSceneViewController.storyboard in Resources */ = {isa = PBXBuildFile; fileRef = 8AA941071E4F9FD5004A2C6D /* OnboardingSceneViewController.storyboard */; };
		8AA9410A1E4FA218004A2C6D /* OnboardingViewController.swift in Sources */ = {isa = PBXBuildFile; fileRef = 8AA941091E4FA218004A2C6D /* OnboardingViewController.swift */; };
		8AF7FF801E573CE800691C34 /* Assets.xcassets in Resources */ = {isa = PBXBuildFile; fileRef = 8AF7FF7F1E573CE800691C34 /* Assets.xcassets */; };
		AC235EDA1E4BAA75004095C2 /* AppDelegate.swift in Sources */ = {isa = PBXBuildFile; fileRef = AC235ED91E4BAA75004095C2 /* AppDelegate.swift */; };
		AC235EDF1E4BAA75004095C2 /* Main.storyboard in Resources */ = {isa = PBXBuildFile; fileRef = AC235EDD1E4BAA75004095C2 /* Main.storyboard */; };
		AC235EE21E4BAA75004095C2 /* iFast.xcdatamodeld in Sources */ = {isa = PBXBuildFile; fileRef = AC235EE01E4BAA75004095C2 /* iFast.xcdatamodeld */; };
		AC235EE71E4BAA75004095C2 /* LaunchScreen.storyboard in Resources */ = {isa = PBXBuildFile; fileRef = AC235EE51E4BAA75004095C2 /* LaunchScreen.storyboard */; };
		AC235EF21E4BAA75004095C2 /* iFastTests.swift in Sources */ = {isa = PBXBuildFile; fileRef = AC235EF11E4BAA75004095C2 /* iFastTests.swift */; };
		AC235F041E4BAC15004095C2 /* UIColor + FastAdditions.swift in Sources */ = {isa = PBXBuildFile; fileRef = AC235F031E4BAC15004095C2 /* UIColor + FastAdditions.swift */; };
		AC235F0A1E4BB3B9004095C2 /* TextModifier.swift in Sources */ = {isa = PBXBuildFile; fileRef = AC235F091E4BB3B9004095C2 /* TextModifier.swift */; };
		AC235F0C1E4BB651004095C2 /* UIButton + FastPrimaryButton.swift in Sources */ = {isa = PBXBuildFile; fileRef = AC235F0B1E4BB651004095C2 /* UIButton + FastPrimaryButton.swift */; };
		ACF16DA91E59C08E008199BE /* MainSceneConfigurator.swift in Sources */ = {isa = PBXBuildFile; fileRef = ACF16DA21E59C08E008199BE /* MainSceneConfigurator.swift */; };
		ACF16DAA1E59C08E008199BE /* MainSceneInteractor.swift in Sources */ = {isa = PBXBuildFile; fileRef = ACF16DA31E59C08E008199BE /* MainSceneInteractor.swift */; };
		ACF16DAB1E59C08E008199BE /* MainSceneModels.swift in Sources */ = {isa = PBXBuildFile; fileRef = ACF16DA41E59C08E008199BE /* MainSceneModels.swift */; };
		ACF16DAC1E59C08E008199BE /* MainScenePresenter.swift in Sources */ = {isa = PBXBuildFile; fileRef = ACF16DA51E59C08E008199BE /* MainScenePresenter.swift */; };
		ACF16DAD1E59C08E008199BE /* MainSceneRouter.swift in Sources */ = {isa = PBXBuildFile; fileRef = ACF16DA61E59C08E008199BE /* MainSceneRouter.swift */; };
		ACF16DAE1E59C08E008199BE /* MainSceneViewController.swift in Sources */ = {isa = PBXBuildFile; fileRef = ACF16DA71E59C08E008199BE /* MainSceneViewController.swift */; };
		ACF16DAF1E59C08E008199BE /* MainSceneWorker.swift in Sources */ = {isa = PBXBuildFile; fileRef = ACF16DA81E59C08E008199BE /* MainSceneWorker.swift */; };
		ACF16DB21E59C0D1008199BE /* MainSceneViewController.storyboard in Resources */ = {isa = PBXBuildFile; fileRef = ACF16DB11E59C0D1008199BE /* MainSceneViewController.storyboard */; };
/* End PBXBuildFile section */

/* Begin PBXContainerItemProxy section */
		AC235EEE1E4BAA75004095C2 /* PBXContainerItemProxy */ = {
			isa = PBXContainerItemProxy;
			containerPortal = AC235ECE1E4BAA75004095C2 /* Project object */;
			proxyType = 1;
			remoteGlobalIDString = AC235ED51E4BAA75004095C2;
			remoteInfo = iFast;
		};
/* End PBXContainerItemProxy section */

/* Begin PBXFileReference section */
		8A004F001E57242A00476E26 /* AlertService.swift */ = {isa = PBXFileReference; fileEncoding = 4; lastKnownFileType = sourcecode.swift; path = AlertService.swift; sourceTree = "<group>"; };
		8AA152CC1E52380200D63156 /* PushService.swift */ = {isa = PBXFileReference; fileEncoding = 4; lastKnownFileType = sourcecode.swift; path = PushService.swift; sourceTree = "<group>"; };
		8AA152D01E52E54F00D63156 /* PushView.xib */ = {isa = PBXFileReference; fileEncoding = 4; lastKnownFileType = file.xib; path = PushView.xib; sourceTree = "<group>"; };
		8AA152D21E52E79900D63156 /* PushView.swift */ = {isa = PBXFileReference; fileEncoding = 4; lastKnownFileType = sourcecode.swift; path = PushView.swift; sourceTree = "<group>"; };
		8AA5F1221E532619007D8CD5 /* TestViewController.swift */ = {isa = PBXFileReference; fileEncoding = 4; lastKnownFileType = sourcecode.swift; path = TestViewController.swift; sourceTree = "<group>"; };
		8AA5F1241E5327A3007D8CD5 /* Test2ViewController.swift */ = {isa = PBXFileReference; fileEncoding = 4; lastKnownFileType = sourcecode.swift; path = Test2ViewController.swift; sourceTree = "<group>"; };
		8AA5F1271E533DBB007D8CD5 /* AlertView.xib */ = {isa = PBXFileReference; fileEncoding = 4; lastKnownFileType = file.xib; path = AlertView.xib; sourceTree = "<group>"; };
		8AA5F1291E534316007D8CD5 /* AlertView.swift */ = {isa = PBXFileReference; fileEncoding = 4; lastKnownFileType = sourcecode.swift; path = AlertView.swift; sourceTree = "<group>"; };
		8AA940F01E4F8439004A2C6D /* String + FastAdditions.swift */ = {isa = PBXFileReference; fileEncoding = 4; lastKnownFileType = sourcecode.swift; path = "String + FastAdditions.swift"; sourceTree = "<group>"; };
		8AA940F21E4F8FB2004A2C6D /* FastLabel.swift */ = {isa = PBXFileReference; fileEncoding = 4; lastKnownFileType = sourcecode.swift; path = FastLabel.swift; sourceTree = "<group>"; };
		8AA940F61E4F9E3B004A2C6D /* OnboardingSceneConfigurator.swift */ = {isa = PBXFileReference; fileEncoding = 4; lastKnownFileType = sourcecode.swift; path = OnboardingSceneConfigurator.swift; sourceTree = "<group>"; };
		8AA940F71E4F9E3B004A2C6D /* OnboardingSceneInteractor.swift */ = {isa = PBXFileReference; fileEncoding = 4; lastKnownFileType = sourcecode.swift; path = OnboardingSceneInteractor.swift; sourceTree = "<group>"; };
		8AA940F81E4F9E3B004A2C6D /* OnboardingSceneModels.swift */ = {isa = PBXFileReference; fileEncoding = 4; lastKnownFileType = sourcecode.swift; path = OnboardingSceneModels.swift; sourceTree = "<group>"; };
		8AA940F91E4F9E3B004A2C6D /* OnboardingScenePresenter.swift */ = {isa = PBXFileReference; fileEncoding = 4; lastKnownFileType = sourcecode.swift; path = OnboardingScenePresenter.swift; sourceTree = "<group>"; };
		8AA940FA1E4F9E3B004A2C6D /* OnboardingSceneRouter.swift */ = {isa = PBXFileReference; fileEncoding = 4; lastKnownFileType = sourcecode.swift; path = OnboardingSceneRouter.swift; sourceTree = "<group>"; };
		8AA940FB1E4F9E3B004A2C6D /* OnboardingSceneViewController.swift */ = {isa = PBXFileReference; fileEncoding = 4; lastKnownFileType = sourcecode.swift; path = OnboardingSceneViewController.swift; sourceTree = "<group>"; };
		8AA940FC1E4F9E3B004A2C6D /* OnboardingSceneWorker.swift */ = {isa = PBXFileReference; fileEncoding = 4; lastKnownFileType = sourcecode.swift; path = OnboardingSceneWorker.swift; sourceTree = "<group>"; };
		8AA941071E4F9FD5004A2C6D /* OnboardingSceneViewController.storyboard */ = {isa = PBXFileReference; fileEncoding = 4; lastKnownFileType = file.storyboard; path = OnboardingSceneViewController.storyboard; sourceTree = "<group>"; };
		8AA941091E4FA218004A2C6D /* OnboardingViewController.swift */ = {isa = PBXFileReference; fileEncoding = 4; lastKnownFileType = sourcecode.swift; path = OnboardingViewController.swift; sourceTree = "<group>"; };
		8AF7FF7F1E573CE800691C34 /* Assets.xcassets */ = {isa = PBXFileReference; lastKnownFileType = folder.assetcatalog; path = Assets.xcassets; sourceTree = "<group>"; };
		AC235ED61E4BAA75004095C2 /* iFast.app */ = {isa = PBXFileReference; explicitFileType = wrapper.application; includeInIndex = 0; path = iFast.app; sourceTree = BUILT_PRODUCTS_DIR; };
		AC235ED91E4BAA75004095C2 /* AppDelegate.swift */ = {isa = PBXFileReference; lastKnownFileType = sourcecode.swift; path = AppDelegate.swift; sourceTree = "<group>"; };
		AC235EDE1E4BAA75004095C2 /* Base */ = {isa = PBXFileReference; lastKnownFileType = file.storyboard; name = Base; path = Base.lproj/Main.storyboard; sourceTree = "<group>"; };
		AC235EE11E4BAA75004095C2 /* iFast.xcdatamodel */ = {isa = PBXFileReference; lastKnownFileType = wrapper.xcdatamodel; path = iFast.xcdatamodel; sourceTree = "<group>"; };
		AC235EE61E4BAA75004095C2 /* Base */ = {isa = PBXFileReference; lastKnownFileType = file.storyboard; name = Base; path = Base.lproj/LaunchScreen.storyboard; sourceTree = "<group>"; };
		AC235EE81E4BAA75004095C2 /* Info.plist */ = {isa = PBXFileReference; lastKnownFileType = text.plist.xml; path = Info.plist; sourceTree = "<group>"; };
		AC235EED1E4BAA75004095C2 /* iFastTests.xctest */ = {isa = PBXFileReference; explicitFileType = wrapper.cfbundle; includeInIndex = 0; path = iFastTests.xctest; sourceTree = BUILT_PRODUCTS_DIR; };
		AC235EF11E4BAA75004095C2 /* iFastTests.swift */ = {isa = PBXFileReference; lastKnownFileType = sourcecode.swift; path = iFastTests.swift; sourceTree = "<group>"; };
		AC235EF31E4BAA75004095C2 /* Info.plist */ = {isa = PBXFileReference; lastKnownFileType = text.plist.xml; path = Info.plist; sourceTree = "<group>"; };
		AC235F031E4BAC15004095C2 /* UIColor + FastAdditions.swift */ = {isa = PBXFileReference; fileEncoding = 4; lastKnownFileType = sourcecode.swift; path = "UIColor + FastAdditions.swift"; sourceTree = "<group>"; };
		AC235F091E4BB3B9004095C2 /* TextModifier.swift */ = {isa = PBXFileReference; fileEncoding = 4; lastKnownFileType = sourcecode.swift; path = TextModifier.swift; sourceTree = "<group>"; };
		AC235F0B1E4BB651004095C2 /* UIButton + FastPrimaryButton.swift */ = {isa = PBXFileReference; fileEncoding = 4; lastKnownFileType = sourcecode.swift; path = "UIButton + FastPrimaryButton.swift"; sourceTree = "<group>"; };
		ACF16DA21E59C08E008199BE /* MainSceneConfigurator.swift */ = {isa = PBXFileReference; fileEncoding = 4; lastKnownFileType = sourcecode.swift; path = MainSceneConfigurator.swift; sourceTree = "<group>"; };
		ACF16DA31E59C08E008199BE /* MainSceneInteractor.swift */ = {isa = PBXFileReference; fileEncoding = 4; lastKnownFileType = sourcecode.swift; path = MainSceneInteractor.swift; sourceTree = "<group>"; };
		ACF16DA41E59C08E008199BE /* MainSceneModels.swift */ = {isa = PBXFileReference; fileEncoding = 4; lastKnownFileType = sourcecode.swift; path = MainSceneModels.swift; sourceTree = "<group>"; };
		ACF16DA51E59C08E008199BE /* MainScenePresenter.swift */ = {isa = PBXFileReference; fileEncoding = 4; lastKnownFileType = sourcecode.swift; path = MainScenePresenter.swift; sourceTree = "<group>"; };
		ACF16DA61E59C08E008199BE /* MainSceneRouter.swift */ = {isa = PBXFileReference; fileEncoding = 4; lastKnownFileType = sourcecode.swift; path = MainSceneRouter.swift; sourceTree = "<group>"; };
		ACF16DA71E59C08E008199BE /* MainSceneViewController.swift */ = {isa = PBXFileReference; fileEncoding = 4; lastKnownFileType = sourcecode.swift; path = MainSceneViewController.swift; sourceTree = "<group>"; };
		ACF16DA81E59C08E008199BE /* MainSceneWorker.swift */ = {isa = PBXFileReference; fileEncoding = 4; lastKnownFileType = sourcecode.swift; path = MainSceneWorker.swift; sourceTree = "<group>"; };
		ACF16DB11E59C0D1008199BE /* MainSceneViewController.storyboard */ = {isa = PBXFileReference; fileEncoding = 4; lastKnownFileType = file.storyboard; path = MainSceneViewController.storyboard; sourceTree = "<group>"; };
/* End PBXFileReference section */

/* Begin PBXFrameworksBuildPhase section */
		AC235ED31E4BAA75004095C2 /* Frameworks */ = {
			isa = PBXFrameworksBuildPhase;
			buildActionMask = 2147483647;
			files = (
			);
			runOnlyForDeploymentPostprocessing = 0;
		};
		AC235EEA1E4BAA75004095C2 /* Frameworks */ = {
			isa = PBXFrameworksBuildPhase;
			buildActionMask = 2147483647;
			files = (
			);
			runOnlyForDeploymentPostprocessing = 0;
		};
/* End PBXFrameworksBuildPhase section */

/* Begin PBXGroup section */
		8A004EFF1E57241800476E26 /* AlertService */ = {
			isa = PBXGroup;
			children = (
				8A004F001E57242A00476E26 /* AlertService.swift */,
			);
			name = AlertService;
			sourceTree = "<group>";
		};
		8AA152CA1E5237DE00D63156 /* Service */ = {
			isa = PBXGroup;
			children = (
				8A004EFF1E57241800476E26 /* AlertService */,
				8AA152CB1E5237E800D63156 /* PushService */,
			);
			name = Service;
			sourceTree = "<group>";
		};
		8AA152CB1E5237E800D63156 /* PushService */ = {
			isa = PBXGroup;
			children = (
				8AA152CC1E52380200D63156 /* PushService.swift */,
			);
			name = PushService;
			sourceTree = "<group>";
		};
		8AA152CE1E523F0000D63156 /* Views */ = {
			isa = PBXGroup;
			children = (
				8AA5F1261E533D61007D8CD5 /* AlertView */,
				8AA152CF1E52E53F00D63156 /* PushView */,
			);
			name = Views;
			sourceTree = "<group>";
		};
		8AA152CF1E52E53F00D63156 /* PushView */ = {
			isa = PBXGroup;
			children = (
				8AA152D01E52E54F00D63156 /* PushView.xib */,
				8AA152D21E52E79900D63156 /* PushView.swift */,
			);
			name = PushView;
			sourceTree = "<group>";
		};
		8AA5F1261E533D61007D8CD5 /* AlertView */ = {
			isa = PBXGroup;
			children = (
				8AA5F1271E533DBB007D8CD5 /* AlertView.xib */,
				8AA5F1291E534316007D8CD5 /* AlertView.swift */,
			);
			name = AlertView;
			sourceTree = "<group>";
		};
		8AA940F41E4F9D2F004A2C6D /* Scenes */ = {
			isa = PBXGroup;
			children = (
				ACF16DA11E59C071008199BE /* MainScene */,
				8AA940F51E4F9D3B004A2C6D /* OnboardingScenes */,
			);
			name = Scenes;
			sourceTree = "<group>";
		};
		8AA940F51E4F9D3B004A2C6D /* OnboardingScenes */ = {
			isa = PBXGroup;
			children = (
				8AA940F61E4F9E3B004A2C6D /* OnboardingSceneConfigurator.swift */,
				8AA940F71E4F9E3B004A2C6D /* OnboardingSceneInteractor.swift */,
				8AA940F81E4F9E3B004A2C6D /* OnboardingSceneModels.swift */,
				8AA940F91E4F9E3B004A2C6D /* OnboardingScenePresenter.swift */,
				8AA940FA1E4F9E3B004A2C6D /* OnboardingSceneRouter.swift */,
				8AA940FB1E4F9E3B004A2C6D /* OnboardingSceneViewController.swift */,
				8AA940FC1E4F9E3B004A2C6D /* OnboardingSceneWorker.swift */,
				8AA941071E4F9FD5004A2C6D /* OnboardingSceneViewController.storyboard */,
			);
			name = OnboardingScenes;
			sourceTree = "<group>";
		};
		AC235ECD1E4BAA75004095C2 = {
			isa = PBXGroup;
			children = (
				AC235ED81E4BAA75004095C2 /* iFast */,
				AC235EF01E4BAA75004095C2 /* iFastTests */,
				AC235ED71E4BAA75004095C2 /* Products */,
			);
			sourceTree = "<group>";
		};
		AC235ED71E4BAA75004095C2 /* Products */ = {
			isa = PBXGroup;
			children = (
				AC235ED61E4BAA75004095C2 /* iFast.app */,
				AC235EED1E4BAA75004095C2 /* iFastTests.xctest */,
			);
			name = Products;
			sourceTree = "<group>";
		};
		AC235ED81E4BAA75004095C2 /* iFast */ = {
			isa = PBXGroup;
			children = (
				8AA152CE1E523F0000D63156 /* Views */,
				8AA152CA1E5237DE00D63156 /* Service */,
				8AA940F41E4F9D2F004A2C6D /* Scenes */,
				AC235F011E4BABF2004095C2 /* Util */,
				AC235EFE1E4BAB18004095C2 /* SupportingFiles */,
				AC235EFD1E4BAB0D004095C2 /* Storyboards */,
				AC235EFF1E4BAB2E004095C2 /* Resources */,
				AC235EFC1E4BAAFE004095C2 /* CoreData_Stack */,
			);
			path = iFast;
			sourceTree = "<group>";
		};
		AC235EF01E4BAA75004095C2 /* iFastTests */ = {
			isa = PBXGroup;
			children = (
				AC235EF11E4BAA75004095C2 /* iFastTests.swift */,
				AC235EF31E4BAA75004095C2 /* Info.plist */,
			);
			path = iFastTests;
			sourceTree = "<group>";
		};
		AC235EFC1E4BAAFE004095C2 /* CoreData_Stack */ = {
			isa = PBXGroup;
			children = (
				AC235EE01E4BAA75004095C2 /* iFast.xcdatamodeld */,
			);
			name = CoreData_Stack;
			sourceTree = "<group>";
		};
		AC235EFD1E4BAB0D004095C2 /* Storyboards */ = {
			isa = PBXGroup;
			children = (
				AC235EDD1E4BAA75004095C2 /* Main.storyboard */,
				AC235EE51E4BAA75004095C2 /* LaunchScreen.storyboard */,
				8AA941091E4FA218004A2C6D /* OnboardingViewController.swift */,
				8AA5F1221E532619007D8CD5 /* TestViewController.swift */,
				8AA5F1241E5327A3007D8CD5 /* Test2ViewController.swift */,
			);
			name = Storyboards;
			sourceTree = "<group>";
		};
		AC235EFE1E4BAB18004095C2 /* SupportingFiles */ = {
			isa = PBXGroup;
			children = (
				AC235ED91E4BAA75004095C2 /* AppDelegate.swift */,
			);
			name = SupportingFiles;
			sourceTree = "<group>";
		};
		AC235EFF1E4BAB2E004095C2 /* Resources */ = {
			isa = PBXGroup;
			children = (
				AC235F001E4BAB3B004095C2 /* Assets */,
				AC235EE81E4BAA75004095C2 /* Info.plist */,
			);
			name = Resources;
			sourceTree = "<group>";
		};
		AC235F001E4BAB3B004095C2 /* Assets */ = {
			isa = PBXGroup;
			children = (
				8AF7FF7F1E573CE800691C34 /* Assets.xcassets */,
			);
			name = Assets;
			sourceTree = "<group>";
		};
		AC235F011E4BABF2004095C2 /* Util */ = {
			isa = PBXGroup;
			children = (
				AC235F071E4BB391004095C2 /* Enums */,
				AC235F021E4BABF8004095C2 /* Extensions */,
			);
			name = Util;
			sourceTree = "<group>";
		};
		AC235F021E4BABF8004095C2 /* Extensions */ = {
			isa = PBXGroup;
			children = (
				AC235F031E4BAC15004095C2 /* UIColor + FastAdditions.swift */,
				AC235F0B1E4BB651004095C2 /* UIButton + FastPrimaryButton.swift */,
				8AA940F01E4F8439004A2C6D /* String + FastAdditions.swift */,
				8AA940F21E4F8FB2004A2C6D /* FastLabel.swift */,
			);
			name = Extensions;
			sourceTree = "<group>";
		};
		AC235F071E4BB391004095C2 /* Enums */ = {
			isa = PBXGroup;
			children = (
				AC235F081E4BB39B004095C2 /* TextModifiers */,
			);
			name = Enums;
			sourceTree = "<group>";
		};
		AC235F081E4BB39B004095C2 /* TextModifiers */ = {
			isa = PBXGroup;
			children = (
				AC235F091E4BB3B9004095C2 /* TextModifier.swift */,
			);
			name = TextModifiers;
			sourceTree = "<group>";
		};
		ACF16DA11E59C071008199BE /* MainScene */ = {
			isa = PBXGroup;
			children = (
				ACF16DA21E59C08E008199BE /* MainSceneConfigurator.swift */,
				ACF16DA31E59C08E008199BE /* MainSceneInteractor.swift */,
				ACF16DA41E59C08E008199BE /* MainSceneModels.swift */,
				ACF16DA51E59C08E008199BE /* MainScenePresenter.swift */,
				ACF16DA61E59C08E008199BE /* MainSceneRouter.swift */,
				ACF16DA71E59C08E008199BE /* MainSceneViewController.swift */,
				ACF16DA81E59C08E008199BE /* MainSceneWorker.swift */,
				ACF16DB11E59C0D1008199BE /* MainSceneViewController.storyboard */,
			);
			name = MainScene;
			sourceTree = "<group>";
		};
/* End PBXGroup section */

/* Begin PBXNativeTarget section */
		AC235ED51E4BAA75004095C2 /* iFast */ = {
			isa = PBXNativeTarget;
			buildConfigurationList = AC235EF61E4BAA75004095C2 /* Build configuration list for PBXNativeTarget "iFast" */;
			buildPhases = (
				AC235ED21E4BAA75004095C2 /* Sources */,
				AC235ED31E4BAA75004095C2 /* Frameworks */,
				AC235ED41E4BAA75004095C2 /* Resources */,
			);
			buildRules = (
			);
			dependencies = (
			);
			name = iFast;
			productName = iFast;
			productReference = AC235ED61E4BAA75004095C2 /* iFast.app */;
			productType = "com.apple.product-type.application";
		};
		AC235EEC1E4BAA75004095C2 /* iFastTests */ = {
			isa = PBXNativeTarget;
			buildConfigurationList = AC235EF91E4BAA75004095C2 /* Build configuration list for PBXNativeTarget "iFastTests" */;
			buildPhases = (
				AC235EE91E4BAA75004095C2 /* Sources */,
				AC235EEA1E4BAA75004095C2 /* Frameworks */,
				AC235EEB1E4BAA75004095C2 /* Resources */,
			);
			buildRules = (
			);
			dependencies = (
				AC235EEF1E4BAA75004095C2 /* PBXTargetDependency */,
			);
			name = iFastTests;
			productName = iFastTests;
			productReference = AC235EED1E4BAA75004095C2 /* iFastTests.xctest */;
			productType = "com.apple.product-type.bundle.unit-test";
		};
/* End PBXNativeTarget section */

/* Begin PBXProject section */
		AC235ECE1E4BAA75004095C2 /* Project object */ = {
			isa = PBXProject;
			attributes = {
				LastSwiftUpdateCheck = 0820;
				LastUpgradeCheck = 0820;
				ORGANIZATIONNAME = "Suthananth Arulanatham";
				TargetAttributes = {
					AC235ED51E4BAA75004095C2 = {
						CreatedOnToolsVersion = 8.2.1;
						DevelopmentTeam = A6LH7SM6VR;
						ProvisioningStyle = Automatic;
					};
					AC235EEC1E4BAA75004095C2 = {
						CreatedOnToolsVersion = 8.2.1;
						DevelopmentTeam = A6LH7SM6VR;
						ProvisioningStyle = Automatic;
						TestTargetID = AC235ED51E4BAA75004095C2;
					};
				};
			};
			buildConfigurationList = AC235ED11E4BAA75004095C2 /* Build configuration list for PBXProject "iFast" */;
			compatibilityVersion = "Xcode 3.2";
			developmentRegion = English;
			hasScannedForEncodings = 0;
			knownRegions = (
				en,
				Base,
			);
			mainGroup = AC235ECD1E4BAA75004095C2;
			productRefGroup = AC235ED71E4BAA75004095C2 /* Products */;
			projectDirPath = "";
			projectRoot = "";
			targets = (
				AC235ED51E4BAA75004095C2 /* iFast */,
				AC235EEC1E4BAA75004095C2 /* iFastTests */,
			);
		};
/* End PBXProject section */

/* Begin PBXResourcesBuildPhase section */
		AC235ED41E4BAA75004095C2 /* Resources */ = {
			isa = PBXResourcesBuildPhase;
			buildActionMask = 2147483647;
			files = (
				AC235EE71E4BAA75004095C2 /* LaunchScreen.storyboard in Resources */,
				8AA152D11E52E54F00D63156 /* PushView.xib in Resources */,
				8AA5F1281E533DBB007D8CD5 /* AlertView.xib in Resources */,
				AC235EDF1E4BAA75004095C2 /* Main.storyboard in Resources */,
				8AF7FF801E573CE800691C34 /* Assets.xcassets in Resources */,
				ACF16DB21E59C0D1008199BE /* MainSceneViewController.storyboard in Resources */,
				8AA941081E4F9FD5004A2C6D /* OnboardingSceneViewController.storyboard in Resources */,
			);
			runOnlyForDeploymentPostprocessing = 0;
		};
		AC235EEB1E4BAA75004095C2 /* Resources */ = {
			isa = PBXResourcesBuildPhase;
			buildActionMask = 2147483647;
			files = (
			);
			runOnlyForDeploymentPostprocessing = 0;
		};
/* End PBXResourcesBuildPhase section */

/* Begin PBXSourcesBuildPhase section */
		AC235ED21E4BAA75004095C2 /* Sources */ = {
			isa = PBXSourcesBuildPhase;
			buildActionMask = 2147483647;
			files = (
				ACF16DA91E59C08E008199BE /* MainSceneConfigurator.swift in Sources */,
				8AA5F1251E5327A3007D8CD5 /* Test2ViewController.swift in Sources */,
				8AA941011E4F9E3B004A2C6D /* OnboardingSceneRouter.swift in Sources */,
				8AA940FD1E4F9E3B004A2C6D /* OnboardingSceneConfigurator.swift in Sources */,
				8AA940FE1E4F9E3B004A2C6D /* OnboardingSceneInteractor.swift in Sources */,
				8AA941031E4F9E3B004A2C6D /* OnboardingSceneWorker.swift in Sources */,
				8AA5F12A1E534316007D8CD5 /* AlertView.swift in Sources */,
				8AA941021E4F9E3B004A2C6D /* OnboardingSceneViewController.swift in Sources */,
				ACF16DAD1E59C08E008199BE /* MainSceneRouter.swift in Sources */,
				8AA940F31E4F8FB2004A2C6D /* FastLabel.swift in Sources */,
				8AA940F11E4F8439004A2C6D /* String + FastAdditions.swift in Sources */,
				8AA9410A1E4FA218004A2C6D /* OnboardingViewController.swift in Sources */,
				AC235F0A1E4BB3B9004095C2 /* TextModifier.swift in Sources */,
				ACF16DAF1E59C08E008199BE /* MainSceneWorker.swift in Sources */,
				AC235F041E4BAC15004095C2 /* UIColor + FastAdditions.swift in Sources */,
				AC235F0C1E4BB651004095C2 /* UIButton + FastPrimaryButton.swift in Sources */,
				ACF16DAC1E59C08E008199BE /* MainScenePresenter.swift in Sources */,
				ACF16DAA1E59C08E008199BE /* MainSceneInteractor.swift in Sources */,
				8AA941001E4F9E3B004A2C6D /* OnboardingScenePresenter.swift in Sources */,
				8AA152D31E52E79900D63156 /* PushView.swift in Sources */,
				AC235EE21E4BAA75004095C2 /* iFast.xcdatamodeld in Sources */,
				ACF16DAE1E59C08E008199BE /* MainSceneViewController.swift in Sources */,
				8A004F011E57242A00476E26 /* AlertService.swift in Sources */,
				8AA152CD1E52380200D63156 /* PushService.swift in Sources */,
				AC235EDA1E4BAA75004095C2 /* AppDelegate.swift in Sources */,
				8AA5F1231E532619007D8CD5 /* TestViewController.swift in Sources */,
				8AA940FF1E4F9E3B004A2C6D /* OnboardingSceneModels.swift in Sources */,
				ACF16DAB1E59C08E008199BE /* MainSceneModels.swift in Sources */,
			);
			runOnlyForDeploymentPostprocessing = 0;
		};
		AC235EE91E4BAA75004095C2 /* Sources */ = {
			isa = PBXSourcesBuildPhase;
			buildActionMask = 2147483647;
			files = (
				AC235EF21E4BAA75004095C2 /* iFastTests.swift in Sources */,
			);
			runOnlyForDeploymentPostprocessing = 0;
		};
/* End PBXSourcesBuildPhase section */

/* Begin PBXTargetDependency section */
		AC235EEF1E4BAA75004095C2 /* PBXTargetDependency */ = {
			isa = PBXTargetDependency;
			target = AC235ED51E4BAA75004095C2 /* iFast */;
			targetProxy = AC235EEE1E4BAA75004095C2 /* PBXContainerItemProxy */;
		};
/* End PBXTargetDependency section */

/* Begin PBXVariantGroup section */
		AC235EDD1E4BAA75004095C2 /* Main.storyboard */ = {
			isa = PBXVariantGroup;
			children = (
				AC235EDE1E4BAA75004095C2 /* Base */,
			);
			name = Main.storyboard;
			sourceTree = "<group>";
		};
		AC235EE51E4BAA75004095C2 /* LaunchScreen.storyboard */ = {
			isa = PBXVariantGroup;
			children = (
				AC235EE61E4BAA75004095C2 /* Base */,
			);
			name = LaunchScreen.storyboard;
			sourceTree = "<group>";
		};
/* End PBXVariantGroup section */

/* Begin XCBuildConfiguration section */
		AC235EF41E4BAA75004095C2 /* Debug */ = {
			isa = XCBuildConfiguration;
			buildSettings = {
				ALWAYS_SEARCH_USER_PATHS = NO;
				CLANG_ANALYZER_NONNULL = YES;
				CLANG_CXX_LANGUAGE_STANDARD = "gnu++0x";
				CLANG_CXX_LIBRARY = "libc++";
				CLANG_ENABLE_MODULES = YES;
				CLANG_ENABLE_OBJC_ARC = YES;
				CLANG_WARN_BOOL_CONVERSION = YES;
				CLANG_WARN_CONSTANT_CONVERSION = YES;
				CLANG_WARN_DIRECT_OBJC_ISA_USAGE = YES_ERROR;
				CLANG_WARN_DOCUMENTATION_COMMENTS = YES;
				CLANG_WARN_EMPTY_BODY = YES;
				CLANG_WARN_ENUM_CONVERSION = YES;
				CLANG_WARN_INFINITE_RECURSION = YES;
				CLANG_WARN_INT_CONVERSION = YES;
				CLANG_WARN_OBJC_ROOT_CLASS = YES_ERROR;
				CLANG_WARN_SUSPICIOUS_MOVE = YES;
				CLANG_WARN_UNREACHABLE_CODE = YES;
				CLANG_WARN__DUPLICATE_METHOD_MATCH = YES;
				"CODE_SIGN_IDENTITY[sdk=iphoneos*]" = "iPhone Developer";
				COPY_PHASE_STRIP = NO;
				DEBUG_INFORMATION_FORMAT = dwarf;
				ENABLE_STRICT_OBJC_MSGSEND = YES;
				ENABLE_TESTABILITY = YES;
				GCC_C_LANGUAGE_STANDARD = gnu99;
				GCC_DYNAMIC_NO_PIC = NO;
				GCC_NO_COMMON_BLOCKS = YES;
				GCC_OPTIMIZATION_LEVEL = 0;
				GCC_PREPROCESSOR_DEFINITIONS = (
					"DEBUG=1",
					"$(inherited)",
				);
				GCC_WARN_64_TO_32_BIT_CONVERSION = YES;
				GCC_WARN_ABOUT_RETURN_TYPE = YES_ERROR;
				GCC_WARN_UNDECLARED_SELECTOR = YES;
				GCC_WARN_UNINITIALIZED_AUTOS = YES_AGGRESSIVE;
				GCC_WARN_UNUSED_FUNCTION = YES;
				GCC_WARN_UNUSED_VARIABLE = YES;
				IPHONEOS_DEPLOYMENT_TARGET = 10.2;
				MTL_ENABLE_DEBUG_INFO = YES;
				ONLY_ACTIVE_ARCH = YES;
				SDKROOT = iphoneos;
				SWIFT_ACTIVE_COMPILATION_CONDITIONS = DEBUG;
				SWIFT_OPTIMIZATION_LEVEL = "-Onone";
			};
			name = Debug;
		};
		AC235EF51E4BAA75004095C2 /* Release */ = {
			isa = XCBuildConfiguration;
			buildSettings = {
				ALWAYS_SEARCH_USER_PATHS = NO;
				CLANG_ANALYZER_NONNULL = YES;
				CLANG_CXX_LANGUAGE_STANDARD = "gnu++0x";
				CLANG_CXX_LIBRARY = "libc++";
				CLANG_ENABLE_MODULES = YES;
				CLANG_ENABLE_OBJC_ARC = YES;
				CLANG_WARN_BOOL_CONVERSION = YES;
				CLANG_WARN_CONSTANT_CONVERSION = YES;
				CLANG_WARN_DIRECT_OBJC_ISA_USAGE = YES_ERROR;
				CLANG_WARN_DOCUMENTATION_COMMENTS = YES;
				CLANG_WARN_EMPTY_BODY = YES;
				CLANG_WARN_ENUM_CONVERSION = YES;
				CLANG_WARN_INFINITE_RECURSION = YES;
				CLANG_WARN_INT_CONVERSION = YES;
				CLANG_WARN_OBJC_ROOT_CLASS = YES_ERROR;
				CLANG_WARN_SUSPICIOUS_MOVE = YES;
				CLANG_WARN_UNREACHABLE_CODE = YES;
				CLANG_WARN__DUPLICATE_METHOD_MATCH = YES;
				"CODE_SIGN_IDENTITY[sdk=iphoneos*]" = "iPhone Developer";
				COPY_PHASE_STRIP = NO;
				DEBUG_INFORMATION_FORMAT = "dwarf-with-dsym";
				ENABLE_NS_ASSERTIONS = NO;
				ENABLE_STRICT_OBJC_MSGSEND = YES;
				GCC_C_LANGUAGE_STANDARD = gnu99;
				GCC_NO_COMMON_BLOCKS = YES;
				GCC_WARN_64_TO_32_BIT_CONVERSION = YES;
				GCC_WARN_ABOUT_RETURN_TYPE = YES_ERROR;
				GCC_WARN_UNDECLARED_SELECTOR = YES;
				GCC_WARN_UNINITIALIZED_AUTOS = YES_AGGRESSIVE;
				GCC_WARN_UNUSED_FUNCTION = YES;
				GCC_WARN_UNUSED_VARIABLE = YES;
				IPHONEOS_DEPLOYMENT_TARGET = 10.2;
				MTL_ENABLE_DEBUG_INFO = NO;
				SDKROOT = iphoneos;
				SWIFT_OPTIMIZATION_LEVEL = "-Owholemodule";
				VALIDATE_PRODUCT = YES;
			};
			name = Release;
		};
		AC235EF71E4BAA75004095C2 /* Debug */ = {
			isa = XCBuildConfiguration;
			buildSettings = {
				ASSETCATALOG_COMPILER_APPICON_NAME = AppIcon;
				DEVELOPMENT_TEAM = A6LH7SM6VR;
				INFOPLIST_FILE = iFast/Info.plist;
				IPHONEOS_DEPLOYMENT_TARGET = 10.0;
				LD_RUNPATH_SEARCH_PATHS = "$(inherited) @executable_path/Frameworks";
				PRODUCT_BUNDLE_IDENTIFIER = com.vikram.iFast;
				PRODUCT_NAME = "$(TARGET_NAME)";
				SWIFT_VERSION = 3.0;
			};
			name = Debug;
		};
		AC235EF81E4BAA75004095C2 /* Release */ = {
			isa = XCBuildConfiguration;
			buildSettings = {
				ASSETCATALOG_COMPILER_APPICON_NAME = AppIcon;
				DEVELOPMENT_TEAM = A6LH7SM6VR;
				INFOPLIST_FILE = iFast/Info.plist;
				IPHONEOS_DEPLOYMENT_TARGET = 10.0;
				LD_RUNPATH_SEARCH_PATHS = "$(inherited) @executable_path/Frameworks";
				PRODUCT_BUNDLE_IDENTIFIER = com.vikram.iFast;
				PRODUCT_NAME = "$(TARGET_NAME)";
				SWIFT_VERSION = 3.0;
			};
			name = Release;
		};
		AC235EFA1E4BAA75004095C2 /* Debug */ = {
			isa = XCBuildConfiguration;
			buildSettings = {
				ALWAYS_EMBED_SWIFT_STANDARD_LIBRARIES = YES;
				BUNDLE_LOADER = "$(TEST_HOST)";
				DEVELOPMENT_TEAM = A6LH7SM6VR;
				INFOPLIST_FILE = iFastTests/Info.plist;
				LD_RUNPATH_SEARCH_PATHS = "$(inherited) @executable_path/Frameworks @loader_path/Frameworks";
				PRODUCT_BUNDLE_IDENTIFIER = com.vikram.iFastTests;
				PRODUCT_NAME = "$(TARGET_NAME)";
				SWIFT_VERSION = 3.0;
				TEST_HOST = "$(BUILT_PRODUCTS_DIR)/iFast.app/iFast";
			};
			name = Debug;
		};
		AC235EFB1E4BAA75004095C2 /* Release */ = {
			isa = XCBuildConfiguration;
			buildSettings = {
				ALWAYS_EMBED_SWIFT_STANDARD_LIBRARIES = YES;
				BUNDLE_LOADER = "$(TEST_HOST)";
				DEVELOPMENT_TEAM = A6LH7SM6VR;
				INFOPLIST_FILE = iFastTests/Info.plist;
				LD_RUNPATH_SEARCH_PATHS = "$(inherited) @executable_path/Frameworks @loader_path/Frameworks";
				PRODUCT_BUNDLE_IDENTIFIER = com.vikram.iFastTests;
				PRODUCT_NAME = "$(TARGET_NAME)";
				SWIFT_VERSION = 3.0;
				TEST_HOST = "$(BUILT_PRODUCTS_DIR)/iFast.app/iFast";
			};
			name = Release;
		};
/* End XCBuildConfiguration section */

/* Begin XCConfigurationList section */
		AC235ED11E4BAA75004095C2 /* Build configuration list for PBXProject "iFast" */ = {
			isa = XCConfigurationList;
			buildConfigurations = (
				AC235EF41E4BAA75004095C2 /* Debug */,
				AC235EF51E4BAA75004095C2 /* Release */,
			);
			defaultConfigurationIsVisible = 0;
			defaultConfigurationName = Release;
		};
		AC235EF61E4BAA75004095C2 /* Build configuration list for PBXNativeTarget "iFast" */ = {
			isa = XCConfigurationList;
			buildConfigurations = (
				AC235EF71E4BAA75004095C2 /* Debug */,
				AC235EF81E4BAA75004095C2 /* Release */,
			);
			defaultConfigurationIsVisible = 0;
			defaultConfigurationName = Release;
		};
		AC235EF91E4BAA75004095C2 /* Build configuration list for PBXNativeTarget "iFastTests" */ = {
			isa = XCConfigurationList;
			buildConfigurations = (
				AC235EFA1E4BAA75004095C2 /* Debug */,
				AC235EFB1E4BAA75004095C2 /* Release */,
			);
			defaultConfigurationIsVisible = 0;
			defaultConfigurationName = Release;
		};
/* End XCConfigurationList section */

/* Begin XCVersionGroup section */
		AC235EE01E4BAA75004095C2 /* iFast.xcdatamodeld */ = {
			isa = XCVersionGroup;
			children = (
				AC235EE11E4BAA75004095C2 /* iFast.xcdatamodel */,
			);
			currentVersion = AC235EE11E4BAA75004095C2 /* iFast.xcdatamodel */;
			path = iFast.xcdatamodeld;
			sourceTree = "<group>";
			versionGroupType = wrapper.xcdatamodel;
		};
/* End XCVersionGroup section */
	};
	rootObject = AC235ECE1E4BAA75004095C2 /* Project object */;
}
